Microsoft Visual Studio Solution File, Format Version 12.00
# Visual Studio Version 17
VisualStudioVersion = 17.0.31611.283
MinimumVisualStudioVersion = 10.0.40219.1
Project("{2150E333-8FDC-42A3-9474-1A3956D46DE8}") = "src", "src", "{A7755242-9C4C-48D7-B0F5-10D8CF2418D3}"
EndProject
Project("{9A19103F-16F7-4668-BE54-9A1E7A4F7556}") = "WhatToCook", "src\WhatToCook\WhatToCook.csproj", "{22397BA0-9F3F-4244-B749-F84D10C2F1F6}"
EndProject
Project("{9A19103F-16F7-4668-BE54-9A1E7A4F7556}") = "WhatToCook.SharedUI", "src\WhatToCook.SharedUI\WhatToCook.SharedUI.csproj", "{C740739E-3690-45FB-9215-053FFB1741FF}"
EndProject
Project("{9A19103F-16F7-4668-BE54-9A1E7A4F7556}") = "WhatToCook.Web.Client", "src\WhatToCook.Web\Client\WhatToCook.Web.Client.csproj", "{EACCB5DA-3593-46C8-A296-A62D42206EFB}"
EndProject
Project("{9A19103F-16F7-4668-BE54-9A1E7A4F7556}") = "WhatToCook.Web.Server", "src\WhatToCook.Web\Server\WhatToCook.Web.Server.csproj", "{13AC739C-B629-4940-8ADD-2DA07297FF91}"
EndProject
Project("{9A19103F-16F7-4668-BE54-9A1E7A4F7556}") = "WhatToCook.Web.Shared", "src\WhatToCook.Web\Shared\WhatToCook.Web.Shared.csproj", "{D5860654-2A5F-40B7-8C26-B7323DBB5A39}"
EndProject
Project("{2150E333-8FDC-42A3-9474-1A3956D46DE8}") = "Solution Items", "Solution Items", "{9159EF73-19C9-4836-B9B7-D90656D0892A}"
	ProjectSection(SolutionItems) = preProject
		.gitignore = .gitignore
	EndProjectSection
EndProject
Global
	GlobalSection(SolutionConfigurationPlatforms) = preSolution
		Debug|Any CPU = Debug|Any CPU
		Release|Any CPU = Release|Any CPU
	EndGlobalSection
	GlobalSection(ProjectConfigurationPlatforms) = postSolution
		{22397BA0-9F3F-4244-B749-F84D10C2F1F6}.Debug|Any CPU.ActiveCfg = Debug|Any CPU
		{22397BA0-9F3F-4244-B749-F84D10C2F1F6}.Debug|Any CPU.Build.0 = Debug|Any CPU
		{22397BA0-9F3F-4244-B749-F84D10C2F1F6}.Debug|Any CPU.Deploy.0 = Debug|Any CPU
		{22397BA0-9F3F-4244-B749-F84D10C2F1F6}.Release|Any CPU.ActiveCfg = Release|Any CPU
		{22397BA0-9F3F-4244-B749-F84D10C2F1F6}.Release|Any CPU.Build.0 = Release|Any CPU
		{22397BA0-9F3F-4244-B749-F84D10C2F1F6}.Release|Any CPU.Deploy.0 = Release|Any CPU
		{C740739E-3690-45FB-9215-053FFB1741FF}.Debug|Any CPU.ActiveCfg = Debug|Any CPU
		{C740739E-3690-45FB-9215-053FFB1741FF}.Debug|Any CPU.Build.0 = Debug|Any CPU
		{C740739E-3690-45FB-9215-053FFB1741FF}.Release|Any CPU.ActiveCfg = Release|Any CPU
		{C740739E-3690-45FB-9215-053FFB1741FF}.Release|Any CPU.Build.0 = Release|Any CPU
		{EACCB5DA-3593-46C8-A296-A62D42206EFB}.Debug|Any CPU.ActiveCfg = Debug|Any CPU
		{EACCB5DA-3593-46C8-A296-A62D42206EFB}.Debug|Any CPU.Build.0 = Debug|Any CPU
		{EACCB5DA-3593-46C8-A296-A62D42206EFB}.Release|Any CPU.ActiveCfg = Release|Any CPU
		{EACCB5DA-3593-46C8-A296-A62D42206EFB}.Release|Any CPU.Build.0 = Release|Any CPU
		{13AC739C-B629-4940-8ADD-2DA07297FF91}.Debug|Any CPU.ActiveCfg = Debug|Any CPU
		{13AC739C-B629-4940-8ADD-2DA07297FF91}.Debug|Any CPU.Build.0 = Debug|Any CPU
		{13AC739C-B629-4940-8ADD-2DA07297FF91}.Release|Any CPU.ActiveCfg = Release|Any CPU
		{13AC739C-B629-4940-8ADD-2DA07297FF91}.Release|Any CPU.Build.0 = Release|Any CPU
		{D5860654-2A5F-40B7-8C26-B7323DBB5A39}.Debug|Any CPU.ActiveCfg = Debug|Any CPU
		{D5860654-2A5F-40B7-8C26-B7323DBB5A39}.Debug|Any CPU.Build.0 = Debug|Any CPU
		{D5860654-2A5F-40B7-8C26-B7323DBB5A39}.Release|Any CPU.ActiveCfg = Release|Any CPU
		{D5860654-2A5F-40B7-8C26-B7323DBB5A39}.Release|Any CPU.Build.0 = Release|Any CPU
	EndGlobalSection
	GlobalSection(SolutionProperties) = preSolution
		HideSolutionNode = FALSE
	EndGlobalSection
	GlobalSection(NestedProjects) = preSolution
		{22397BA0-9F3F-4244-B749-F84D10C2F1F6} = {A7755242-9C4C-48D7-B0F5-10D8CF2418D3}
		{C740739E-3690-45FB-9215-053FFB1741FF} = {A7755242-9C4C-48D7-B0F5-10D8CF2418D3}
		{EACCB5DA-3593-46C8-A296-A62D42206EFB} = {A7755242-9C4C-48D7-B0F5-10D8CF2418D3}
		{13AC739C-B629-4940-8ADD-2DA07297FF91} = {A7755242-9C4C-48D7-B0F5-10D8CF2418D3}
		{D5860654-2A5F-40B7-8C26-B7323DBB5A39} = {A7755242-9C4C-48D7-B0F5-10D8CF2418D3}
	EndGlobalSection
	GlobalSection(ExtensibilityGlobals) = postSolution
		SolutionGuid = {61F7FB11-1E47-470C-91E2-47F8143E1572}
	EndGlobalSection
EndGlobal
